
Microsoft Visual Studio Solution File, Format Version 12.00
# Visual Studio Version 17
VisualStudioVersion = 17.5.33516.290
MinimumVisualStudioVersion = 10.0.40219.1
Project("{888888A0-9F3D-457C-B088-3A5042F75D52}") = "wordle", "wordle.pyproj", "{DF33D5C6-B209-40F1-9313-58940D829AAA}"
EndProject
Project("{FAE04EC0-301F-11D3-BF4B-00C04F79EFBC}") = "wordle2", "..\wordle2\wordle2.csproj", "{45009DBB-64E6-49B5-BC82-016A8A196591}"
EndProject
Global
	GlobalSection(SolutionConfigurationPlatforms) = preSolution
		Debug|Any CPU = Debug|Any CPU
		Release|Any CPU = Release|Any CPU
	EndGlobalSection
	GlobalSection(ProjectConfigurationPlatforms) = postSolution
		{DF33D5C6-B209-40F1-9313-58940D829AAA}.Debug|Any CPU.ActiveCfg = Debug|Any CPU
		{DF33D5C6-B209-40F1-9313-58940D829AAA}.Release|Any CPU.ActiveCfg = Release|Any CPU
		{45009DBB-64E6-49B5-BC82-016A8A196591}.Debug|Any CPU.ActiveCfg = Debug|Any CPU
		{45009DBB-64E6-49B5-BC82-016A8A196591}.Debug|Any CPU.Build.0 = Debug|Any CPU
		{45009DBB-64E6-49B5-BC82-016A8A196591}.Release|Any CPU.ActiveCfg = Release|Any CPU
		{45009DBB-64E6-49B5-BC82-016A8A196591}.Release|Any CPU.Build.0 = Release|Any CPU
	EndGlobalSection
	GlobalSection(SolutionProperties) = preSolution
		HideSolutionNode = FALSE
	EndGlobalSection
	GlobalSection(ExtensibilityGlobals) = postSolution
		SolutionGuid = {670A0525-5494-48B0-A275-7B6830918722}
	EndGlobalSection
EndGlobal
